
Microsoft Visual Studio Solution File, Format Version 12.00
# Visual Studio Version 17
VisualStudioVersion = 17.6.33815.320
MinimumVisualStudioVersion = 10.0.40219.1
Project("{9A19103F-16F7-4668-BE54-9A1E7A4F7556}") = "EventAgenda", "EventAgenda\EventAgenda.csproj", "{3320F9EE-924C-4D06-A0A5-0323905F4F11}"
EndProject
Project("{9A19103F-16F7-4668-BE54-9A1E7A4F7556}") = "EventAgenda.Models", "EventAgenda.Models\EventAgenda.Models.csproj", "{9B174A4A-47CF-4C48-8E85-90CCB39462A1}"
EndProject
Project("{9A19103F-16F7-4668-BE54-9A1E7A4F7556}") = "EventAgenda.DataAccess", "EventAgenda.DataAccess\EventAgenda.DataAccess.csproj", "{6F4F4B0B-B85F-4BF7-B0D6-C9B7BEBD855E}"
EndProject
Project("{FAE04EC0-301F-11D3-BF4B-00C04F79EFBC}") = "EventAgenda.Repositories", "EventAgenda.Repositories\EventAgenda.Repositories.csproj", "{BD2E5727-4832-44C1-87B1-AD0AE8DC996A}"
EndProject
Project("{FAE04EC0-301F-11D3-BF4B-00C04F79EFBC}") = "EventAgenda.BLL", "EventAgenda.BLL\EventAgenda.BLL.csproj", "{F37E7382-21B9-4E84-8CF0-4A15B3BBBE98}"
EndProject
Global
	GlobalSection(SolutionConfigurationPlatforms) = preSolution
		Debug|Any CPU = Debug|Any CPU
		Release|Any CPU = Release|Any CPU
	EndGlobalSection
	GlobalSection(ProjectConfigurationPlatforms) = postSolution
		{3320F9EE-924C-4D06-A0A5-0323905F4F11}.Debug|Any CPU.ActiveCfg = Debug|Any CPU
		{3320F9EE-924C-4D06-A0A5-0323905F4F11}.Debug|Any CPU.Build.0 = Debug|Any CPU
		{3320F9EE-924C-4D06-A0A5-0323905F4F11}.Release|Any CPU.ActiveCfg = Release|Any CPU
		{3320F9EE-924C-4D06-A0A5-0323905F4F11}.Release|Any CPU.Build.0 = Release|Any CPU
		{9B174A4A-47CF-4C48-8E85-90CCB39462A1}.Debug|Any CPU.ActiveCfg = Debug|Any CPU
		{9B174A4A-47CF-4C48-8E85-90CCB39462A1}.Debug|Any CPU.Build.0 = Debug|Any CPU
		{9B174A4A-47CF-4C48-8E85-90CCB39462A1}.Release|Any CPU.ActiveCfg = Release|Any CPU
		{9B174A4A-47CF-4C48-8E85-90CCB39462A1}.Release|Any CPU.Build.0 = Release|Any CPU
		{6F4F4B0B-B85F-4BF7-B0D6-C9B7BEBD855E}.Debug|Any CPU.ActiveCfg = Debug|Any CPU
		{6F4F4B0B-B85F-4BF7-B0D6-C9B7BEBD855E}.Debug|Any CPU.Build.0 = Debug|Any CPU
		{6F4F4B0B-B85F-4BF7-B0D6-C9B7BEBD855E}.Release|Any CPU.ActiveCfg = Release|Any CPU
		{6F4F4B0B-B85F-4BF7-B0D6-C9B7BEBD855E}.Release|Any CPU.Build.0 = Release|Any CPU
		{BD2E5727-4832-44C1-87B1-AD0AE8DC996A}.Debug|Any CPU.ActiveCfg = Debug|Any CPU
		{BD2E5727-4832-44C1-87B1-AD0AE8DC996A}.Debug|Any CPU.Build.0 = Debug|Any CPU
		{BD2E5727-4832-44C1-87B1-AD0AE8DC996A}.Release|Any CPU.ActiveCfg = Release|Any CPU
		{BD2E5727-4832-44C1-87B1-AD0AE8DC996A}.Release|Any CPU.Build.0 = Release|Any CPU
		{F37E7382-21B9-4E84-8CF0-4A15B3BBBE98}.Debug|Any CPU.ActiveCfg = Debug|Any CPU
		{F37E7382-21B9-4E84-8CF0-4A15B3BBBE98}.Debug|Any CPU.Build.0 = Debug|Any CPU
		{F37E7382-21B9-4E84-8CF0-4A15B3BBBE98}.Release|Any CPU.ActiveCfg = Release|Any CPU
		{F37E7382-21B9-4E84-8CF0-4A15B3BBBE98}.Release|Any CPU.Build.0 = Release|Any CPU
	EndGlobalSection
	GlobalSection(SolutionProperties) = preSolution
		HideSolutionNode = FALSE
	EndGlobalSection
	GlobalSection(ExtensibilityGlobals) = postSolution
		SolutionGuid = {9C403D38-5895-4402-9E19-E5F976F6CD0C}
	EndGlobalSection
EndGlobal
